
Microsoft Visual Studio Solution File, Format Version 12.00
# Visual Studio Version 16
VisualStudioVersion = 16.0.31321.278
MinimumVisualStudioVersion = 10.0.40219.1
Project("{FAE04EC0-301F-11D3-BF4B-00C04F79EFBC}") = "QLNS", "QLNS\QLNS.csproj", "{6596EE8D-BDA8-4D70-86F2-4F4C05315582}"
EndProject
Global
	GlobalSection(SolutionConfigurationPlatforms) = preSolution
		Debug|Any CPU = Debug|Any CPU
		Release|Any CPU = Release|Any CPU
	EndGlobalSection
	GlobalSection(ProjectConfigurationPlatforms) = postSolution
		{6596EE8D-BDA8-4D70-86F2-4F4C05315582}.Debug|Any CPU.ActiveCfg = Debug|Any CPU
		{6596EE8D-BDA8-4D70-86F2-4F4C05315582}.Debug|Any CPU.Build.0 = Debug|Any CPU
		{6596EE8D-BDA8-4D70-86F2-4F4C05315582}.Release|Any CPU.ActiveCfg = Release|Any CPU
		{6596EE8D-BDA8-4D70-86F2-4F4C05315582}.Release|Any CPU.Build.0 = Release|Any CPU
	EndGlobalSection
	GlobalSection(SolutionProperties) = preSolution
		HideSolutionNode = FALSE
	EndGlobalSection
	GlobalSection(ExtensibilityGlobals) = postSolution
		SolutionGuid = {4D67AB0F-B71A-4325-AE88-206CB89A2F56}
	EndGlobalSection
EndGlobal
